Microsoft Visual Studio Solution File, Format Version 12.00
# Visual Studio 15
Project("{2150E333-8FDC-42A3-9474-1A3956D46DE8}") = "CMakePredefinedTargets", "CMakePredefinedTargets", "{1F9F28BC-450D-3C7F-98D4-2B5DEC4FF217}"
EndProject
Project("{2150E333-8FDC-42A3-9474-1A3956D46DE8}") = "GLFW3", "GLFW3", "{ED6A3002-4197-3F71-A171-0A20AF7E4AA3}"
EndProject
Project("{8BC9CEB8-8B4A-11D0-8D11-00A0C91BC942}") = "myFem", "myFem.vcxproj", "{3D94D7F3-C4DA-39E5-8000-AA1757B56B45}"
	ProjectSection(ProjectDependencies) = postProject
		{E4D6C2EB-D399-3FE5-80A6-EE89749EA124} = {E4D6C2EB-D399-3FE5-80A6-EE89749EA124}
		{6813040B-0518-39BF-B4AD-F25CA7AEB493} = {6813040B-0518-39BF-B4AD-F25CA7AEB493}
	EndProjectSection
EndProject
Project("{8BC9CEB8-8B4A-11D0-8D11-00A0C91BC942}") = "ALL_BUILD", "ALL_BUILD.vcxproj", "{5181734E-DF26-3850-B248-E466006BEED9}"
	ProjectSection(ProjectDependencies) = postProject
		{E4D6C2EB-D399-3FE5-80A6-EE89749EA124} = {E4D6C2EB-D399-3FE5-80A6-EE89749EA124}
		{6813040B-0518-39BF-B4AD-F25CA7AEB493} = {6813040B-0518-39BF-B4AD-F25CA7AEB493}
		{3D94D7F3-C4DA-39E5-8000-AA1757B56B45} = {3D94D7F3-C4DA-39E5-8000-AA1757B56B45}
	EndProjectSection
EndProject
Project("{8BC9CEB8-8B4A-11D0-8D11-00A0C91BC942}") = "ZERO_CHECK", "ZERO_CHECK.vcxproj", "{E4D6C2EB-D399-3FE5-80A6-EE89749EA124}"
	ProjectSection(ProjectDependencies) = postProject
	EndProjectSection
EndProject
Project("{8BC9CEB8-8B4A-11D0-8D11-00A0C91BC942}") = "glfw", "glfw-3.2.1\src\glfw.vcxproj", "{6813040B-0518-39BF-B4AD-F25CA7AEB493}"
	ProjectSection(ProjectDependencies) = postProject
		{E4D6C2EB-D399-3FE5-80A6-EE89749EA124} = {E4D6C2EB-D399-3FE5-80A6-EE89749EA124}
	EndProjectSection
EndProject
Project("{8BC9CEB8-8B4A-11D0-8D11-00A0C91BC942}") = "run", "run.vcxproj", "{95C8A81E-2EAE-3F47-B465-134705587FA8}"
	ProjectSection(ProjectDependencies) = postProject
		{E4D6C2EB-D399-3FE5-80A6-EE89749EA124} = {E4D6C2EB-D399-3FE5-80A6-EE89749EA124}
		{3D94D7F3-C4DA-39E5-8000-AA1757B56B45} = {3D94D7F3-C4DA-39E5-8000-AA1757B56B45}
	EndProjectSection
EndProject
Global
	GlobalSection(SolutionConfigurationPlatforms) = preSolution
		Debug|x64 = Debug|x64
		Release|x64 = Release|x64
		MinSizeRel|x64 = MinSizeRel|x64
		RelWithDebInfo|x64 = RelWithDebInfo|x64
	EndGlobalSection
	GlobalSection(ProjectConfigurationPlatforms) = postSolution
		{3D94D7F3-C4DA-39E5-8000-AA1757B56B45}.Debug|x64.ActiveCfg = Debug|x64
		{3D94D7F3-C4DA-39E5-8000-AA1757B56B45}.Debug|x64.Build.0 = Debug|x64
		{3D94D7F3-C4DA-39E5-8000-AA1757B56B45}.Release|x64.ActiveCfg = Release|x64
		{3D94D7F3-C4DA-39E5-8000-AA1757B56B45}.Release|x64.Build.0 = Release|x64
		{3D94D7F3-C4DA-39E5-8000-AA1757B56B45}.MinSizeRel|x64.ActiveCfg = MinSizeRel|x64
		{3D94D7F3-C4DA-39E5-8000-AA1757B56B45}.MinSizeRel|x64.Build.0 = MinSizeRel|x64
		{3D94D7F3-C4DA-39E5-8000-AA1757B56B45}.RelWithDebInfo|x64.ActiveCfg = RelWithDebInfo|x64
		{3D94D7F3-C4DA-39E5-8000-AA1757B56B45}.RelWithDebInfo|x64.Build.0 = RelWithDebInfo|x64
		{5181734E-DF26-3850-B248-E466006BEED9}.Debug|x64.ActiveCfg = Debug|x64
		{5181734E-DF26-3850-B248-E466006BEED9}.Release|x64.ActiveCfg = Release|x64
		{5181734E-DF26-3850-B248-E466006BEED9}.MinSizeRel|x64.ActiveCfg = MinSizeRel|x64
		{5181734E-DF26-3850-B248-E466006BEED9}.RelWithDebInfo|x64.ActiveCfg = RelWithDebInfo|x64
		{E4D6C2EB-D399-3FE5-80A6-EE89749EA124}.Debug|x64.ActiveCfg = Debug|x64
		{E4D6C2EB-D399-3FE5-80A6-EE89749EA124}.Debug|x64.Build.0 = Debug|x64
		{E4D6C2EB-D399-3FE5-80A6-EE89749EA124}.Release|x64.ActiveCfg = Release|x64
		{E4D6C2EB-D399-3FE5-80A6-EE89749EA124}.Release|x64.Build.0 = Release|x64
		{E4D6C2EB-D399-3FE5-80A6-EE89749EA124}.MinSizeRel|x64.ActiveCfg = MinSizeRel|x64
		{E4D6C2EB-D399-3FE5-80A6-EE89749EA124}.MinSizeRel|x64.Build.0 = MinSizeRel|x64
		{E4D6C2EB-D399-3FE5-80A6-EE89749EA124}.RelWithDebInfo|x64.ActiveCfg = RelWithDebInfo|x64
		{E4D6C2EB-D399-3FE5-80A6-EE89749EA124}.RelWithDebInfo|x64.Build.0 = RelWithDebInfo|x64
		{6813040B-0518-39BF-B4AD-F25CA7AEB493}.Debug|x64.ActiveCfg = Debug|x64
		{6813040B-0518-39BF-B4AD-F25CA7AEB493}.Debug|x64.Build.0 = Debug|x64
		{6813040B-0518-39BF-B4AD-F25CA7AEB493}.Release|x64.ActiveCfg = Release|x64
		{6813040B-0518-39BF-B4AD-F25CA7AEB493}.Release|x64.Build.0 = Release|x64
		{6813040B-0518-39BF-B4AD-F25CA7AEB493}.MinSizeRel|x64.ActiveCfg = MinSizeRel|x64
		{6813040B-0518-39BF-B4AD-F25CA7AEB493}.MinSizeRel|x64.Build.0 = MinSizeRel|x64
		{6813040B-0518-39BF-B4AD-F25CA7AEB493}.RelWithDebInfo|x64.ActiveCfg = RelWithDebInfo|x64
		{6813040B-0518-39BF-B4AD-F25CA7AEB493}.RelWithDebInfo|x64.Build.0 = RelWithDebInfo|x64
		{95C8A81E-2EAE-3F47-B465-134705587FA8}.Debug|x64.ActiveCfg = Debug|x64
		{95C8A81E-2EAE-3F47-B465-134705587FA8}.Release|x64.ActiveCfg = Release|x64
		{95C8A81E-2EAE-3F47-B465-134705587FA8}.MinSizeRel|x64.ActiveCfg = MinSizeRel|x64
		{95C8A81E-2EAE-3F47-B465-134705587FA8}.RelWithDebInfo|x64.ActiveCfg = RelWithDebInfo|x64
	EndGlobalSection
	GlobalSection(NestedProjects) = preSolution
		{5181734E-DF26-3850-B248-E466006BEED9} = {1F9F28BC-450D-3C7F-98D4-2B5DEC4FF217}
		{E4D6C2EB-D399-3FE5-80A6-EE89749EA124} = {1F9F28BC-450D-3C7F-98D4-2B5DEC4FF217}
		{6813040B-0518-39BF-B4AD-F25CA7AEB493} = {ED6A3002-4197-3F71-A171-0A20AF7E4AA3}
	EndGlobalSection
	GlobalSection(ExtensibilityGlobals) = postSolution
		SolutionGuid = {D93AA2EA-F968-3729-82CC-8EE8D9BC0281}
	EndGlobalSection
	GlobalSection(ExtensibilityAddIns) = postSolution
	EndGlobalSection
EndGlobal
